// !$*UTF8*$!
{
	archiveVersion = 1;
	classes = {
	};
	objectVersion = 46;
	objects = {

/* Begin PBXBuildFile section */
		FB15832C1D898DA40077462B /* main.m in Sources */ = {isa = PBXBuildFile; fileRef = FB15832B1D898DA40077462B /* main.m */; };
		FB15832F1D898DA40077462B /* AppDelegate.m in Sources */ = {isa = PBXBuildFile; fileRef = FB15832E1D898DA40077462B /* AppDelegate.m */; };
		FB1583311D898DA40077462B /* TouchTracker-Prefix.pch in Resources */ = {isa = PBXBuildFile; fileRef = FB1583301D898DA40077462B /* TouchTracker-Prefix.pch */; };
		FB1583331D898DA40077462B /* Assets.xcassets in Resources */ = {isa = PBXBuildFile; fileRef = FB1583321D898DA40077462B /* Assets.xcassets */; };
		FB1583361D898DA40077462B /* LaunchScreen.storyboard in Resources */ = {isa = PBXBuildFile; fileRef = FB1583341D898DA40077462B /* LaunchScreen.storyboard */; };
/* End PBXBuildFile section */

/* Begin PBXFileReference section */
		FB1583271D898DA40077462B /* TouchTracker.app */ = {isa = PBXFileReference; explicitFileType = wrapper.application; includeInIndex = 0; path = TouchTracker.app; sourceTree = BUILT_PRODUCTS_DIR; };
		FB15832B1D898DA40077462B /* main.m */ = {isa = PBXFileReference; lastKnownFileType = sourcecode.c.objc; path = main.m; sourceTree = "<group>"; };
		FB15832D1D898DA40077462B /* AppDelegate.h */ = {isa = PBXFileReference; lastKnownFileType = sourcecode.c.h; path = AppDelegate.h; sourceTree = "<group>"; };
		FB15832E1D898DA40077462B /* AppDelegate.m */ = {isa = PBXFileReference; lastKnownFileType = sourcecode.c.objc; path = AppDelegate.m; sourceTree = "<group>"; };
		FB1583301D898DA40077462B /* TouchTracker-Prefix.pch */ = {isa = PBXFileReference; lastKnownFileType = sourcecode.c.h; path = "TouchTracker-Prefix.pch"; sourceTree = "<group>"; };
		FB1583321D898DA40077462B /* Assets.xcassets */ = {isa = PBXFileReference; lastKnownFileType = folder.assetcatalog; path = Assets.xcassets; sourceTree = "<group>"; };
		FB1583351D898DA40077462B /* Base */ = {isa = PBXFileReference; lastKnownFileType = file.storyboard; name = Base; path = Base.lproj/LaunchScreen.storyboard; sourceTree = "<group>"; };
		FB1583371D898DA40077462B /* Info.plist */ = {isa = PBXFileReference; lastKnownFileType = text.plist.xml; path = Info.plist; sourceTree = "<group>"; };
/* End PBXFileReference section */

/* Begin PBXFrameworksBuildPhase section */
		FB1583241D898DA40077462B /* Frameworks */ = {
			isa = PBXFrameworksBuildPhase;
			buildActionMask = 2147483647;
			files = (
			);
			runOnlyForDeploymentPostprocessing = 0;
		};
/* End PBXFrameworksBuildPhase section */

/* Begin PBXGroup section */
		FB15831E1D898DA40077462B = {
			isa = PBXGroup;
			children = (
				FB1583291D898DA40077462B /* TouchTracker */,
				FB1583281D898DA40077462B /* Products */,
			);
			sourceTree = "<group>";
		};
		FB1583281D898DA40077462B /* Products */ = {
			isa = PBXGroup;
			children = (
				FB1583271D898DA40077462B /* TouchTracker.app */,
			);
			name = Products;
			sourceTree = "<group>";
		};
		FB1583291D898DA40077462B /* TouchTracker */ = {
			isa = PBXGroup;
			children = (
				FB15832D1D898DA40077462B /* AppDelegate.h */,
				FB15832E1D898DA40077462B /* AppDelegate.m */,
				FB1583301D898DA40077462B /* TouchTracker-Prefix.pch */,
				FB1583321D898DA40077462B /* Assets.xcassets */,
				FB1583341D898DA40077462B /* LaunchScreen.storyboard */,
				FB1583371D898DA40077462B /* Info.plist */,
				FB15832A1D898DA40077462B /* Supporting Files */,
			);
			path = TouchTracker;
			sourceTree = "<group>";
		};
		FB15832A1D898DA40077462B /* Supporting Files */ = {
			isa = PBXGroup;
			children = (
				FB15832B1D898DA40077462B /* main.m */,
			);
			name = "Supporting Files";
			sourceTree = "<group>";
		};
/* End PBXGroup section */

/* Begin PBXNativeTarget section */
		FB1583261D898DA40077462B /* TouchTracker */ = {
			isa = PBXNativeTarget;
			buildConfigurationList = FB15833A1D898DA40077462B /* Build configuration list for PBXNativeTarget "TouchTracker" */;
			buildPhases = (
				FB1583231D898DA40077462B /* Sources */,
				FB1583241D898DA40077462B /* Frameworks */,
				FB1583251D898DA40077462B /* Resources */,
			);
			buildRules = (
			);
			dependencies = (
			);
			name = TouchTracker;
			productName = TouchTracker;
			productReference = FB1583271D898DA40077462B /* TouchTracker.app */;
			productType = "com.apple.product-type.application";
		};
/* End PBXNativeTarget section */

/* Begin PBXProject section */
		FB15831F1D898DA40077462B /* Project object */ = {
			isa = PBXProject;
			attributes = {
				LastUpgradeCheck = 0730;
				ORGANIZATIONNAME = "Red Rojo";
				TargetAttributes = {
					FB1583261D898DA40077462B = {
						CreatedOnToolsVersion = 7.3.1;
					};
				};
			};
			buildConfigurationList = FB1583221D898DA40077462B /* Build configuration list for PBXProject "TouchTracker" */;
			compatibilityVersion = "Xcode 3.2";
			developmentRegion = English;
			hasScannedForEncodings = 0;
			knownRegions = (
				en,
				Base,
			);
			mainGroup = FB15831E1D898DA40077462B;
			productRefGroup = FB1583281D898DA40077462B /* Products */;
			projectDirPath = "";
			projectRoot = "";
			targets = (
				FB1583261D898DA40077462B /* TouchTracker */,
			);
		};
/* End PBXProject section */

/* Begin PBXResourcesBuildPhase section */
		FB1583251D898DA40077462B /* Resources */ = {
			isa = PBXResourcesBuildPhase;
			buildActionMask = 2147483647;
			files = (
				FB1583361D898DA40077462B /* LaunchScreen.storyboard in Resources */,
				FB1583331D898DA40077462B /* Assets.xcassets in Resources */,
				FB1583311D898DA40077462B /* TouchTracker-Prefix.pch in Resources */,
			);
			runOnlyForDeploymentPostprocessing = 0;
		};
/* End PBXResourcesBuildPhase section */

/* Begin PBXSourcesBuildPhase section */
		FB1583231D898DA40077462B /* Sources */ = {
			isa = PBXSourcesBuildPhase;
			buildActionMask = 2147483647;
			files = (
				FB15832F1D898DA40077462B /* AppDelegate.m in Sources */,
				FB15832C1D898DA40077462B /* main.m in Sources */,
			);
			runOnlyForDeploymentPostprocessing = 0;
		};
/* End PBXSourcesBuildPhase section */

/* Begin PBXVariantGroup section */
		FB1583341D898DA40077462B /* LaunchScreen.storyboard */ = {
			isa = PBXVariantGroup;
			children = (
				FB1583351D898DA40077462B /* Base */,
			);
			name = LaunchScreen.storyboard;
			sourceTree = "<group>";
		};
/* End PBXVariantGroup section */

/* Begin XCBuildConfiguration section */
		FB1583381D898DA40077462B /* Debug */ = {
			isa = XCBuildConfiguration;
			buildSettings = {
				ALWAYS_SEARCH_USER_PATHS = NO;
				CLANG_ANALYZER_NONNULL = YES;
				CLANG_CXX_LANGUAGE_STANDARD = "gnu++0x";
				CLANG_CXX_LIBRARY = "libc++";
				CLANG_ENABLE_MODULES = YES;
				CLANG_ENABLE_OBJC_ARC = YES;
				CLANG_WARN_BOOL_CONVERSION = YES;
				CLANG_WARN_CONSTANT_CONVERSION = YES;
				CLANG_WARN_DIRECT_OBJC_ISA_USAGE = YES_ERROR;
				CLANG_WARN_EMPTY_BODY = YES;
				CLANG_WARN_ENUM_CONVERSION = YES;
				CLANG_WARN_INT_CONVERSION = YES;
				CLANG_WARN_OBJC_ROOT_CLASS = YES_ERROR;
				CLANG_WARN_UNREACHABLE_CODE = YES;
				CLANG_WARN__DUPLICATE_METHOD_MATCH = YES;
				"CODE_SIGN_IDENTITY[sdk=iphoneos*]" = "iPhone Developer";
				COPY_PHASE_STRIP = NO;
				DEBUG_INFORMATION_FORMAT = dwarf;
				ENABLE_STRICT_OBJC_MSGSEND = YES;
				ENABLE_TESTABILITY = YES;
				GCC_C_LANGUAGE_STANDARD = gnu99;
				GCC_DYNAMIC_NO_PIC = NO;
				GCC_NO_COMMON_BLOCKS = YES;
				GCC_OPTIMIZATION_LEVEL = 0;
				GCC_PREPROCESSOR_DEFINITIONS = (
					"DEBUG=1",
					"$(inherited)",
				);
				GCC_WARN_64_TO_32_BIT_CONVERSION = YES;
				GCC_WARN_ABOUT_RETURN_TYPE = YES_ERROR;
				GCC_WARN_UNDECLARED_SELECTOR = YES;
				GCC_WARN_UNINITIALIZED_AUTOS = YES_AGGRESSIVE;
				GCC_WARN_UNUSED_FUNCTION = YES;
				GCC_WARN_UNUSED_VARIABLE = YES;
				IPHONEOS_DEPLOYMENT_TARGET = 9.3;
				MTL_ENABLE_DEBUG_INFO = YES;
				ONLY_ACTIVE_ARCH = YES;
				SDKROOT = iphoneos;
			};
			name = Debug;
		};
		FB1583391D898DA40077462B /* Release */ = {
			isa = XCBuildConfiguration;
			buildSettings = {
				ALWAYS_SEARCH_USER_PATHS = NO;
				CLANG_ANALYZER_NONNULL = YES;
				CLANG_CXX_LANGUAGE_STANDARD = "gnu++0x";
				CLANG_CXX_LIBRARY = "libc++";
				CLANG_ENABLE_MODULES = YES;
				CLANG_ENABLE_OBJC_ARC = YES;
				CLANG_WARN_BOOL_CONVERSION = YES;
				CLANG_WARN_CONSTANT_CONVERSION = YES;
				CLANG_WARN_DIRECT_OBJC_ISA_USAGE = YES_ERROR;
				CLANG_WARN_EMPTY_BODY = YES;
				CLANG_WARN_ENUM_CONVERSION = YES;
				CLANG_WARN_INT_CONVERSION = YES;
				CLANG_WARN_OBJC_ROOT_CLASS = YES_ERROR;
				CLANG_WARN_UNREACHABLE_CODE = YES;
				CLANG_WARN__DUPLICATE_METHOD_MATCH = YES;
				"CODE_SIGN_IDENTITY[sdk=iphoneos*]" = "iPhone Developer";
				COPY_PHASE_STRIP = NO;
				DEBUG_INFORMATION_FORMAT = "dwarf-with-dsym";
				ENABLE_NS_ASSERTIONS = NO;
				ENABLE_STRICT_OBJC_MSGSEND = YES;
				GCC_C_LANGUAGE_STANDARD = gnu99;
				GCC_NO_COMMON_BLOCKS = YES;
				GCC_WARN_64_TO_32_BIT_CONVERSION = YES;
				GCC_WARN_ABOUT_RETURN_TYPE = YES_ERROR;
				GCC_WARN_UNDECLARED_SELECTOR = YES;
				GCC_WARN_UNINITIALIZED_AUTOS = YES_AGGRESSIVE;
				GCC_WARN_UNUSED_FUNCTION = YES;
				GCC_WARN_UNUSED_VARIABLE = YES;
				IPHONEOS_DEPLOYMENT_TARGET = 9.3;
				MTL_ENABLE_DEBUG_INFO = NO;
				SDKROOT = iphoneos;
				VALIDATE_PRODUCT = YES;
			};
			name = Release;
		};
		FB15833B1D898DA40077462B /* Debug */ = {
			isa = XCBuildConfiguration;
			buildSettings = {
				ASSETCATALOG_COMPILER_APPICON_NAME = AppIcon;
				INFOPLIST_FILE = TouchTracker/Info.plist;
				LD_RUNPATH_SEARCH_PATHS = "$(inherited) @executable_path/Frameworks";
				PRODUCT_BUNDLE_IDENTIFIER = com.redrojo.TouchTracker;
				PRODUCT_NAME = "$(TARGET_NAME)";
			};
			name = Debug;
		};
		FB15833C1D898DA40077462B /* Release */ = {
			isa = XCBuildConfiguration;
			buildSettings = {
				ASSETCATALOG_COMPILER_APPICON_NAME = AppIcon;
				INFOPLIST_FILE = TouchTracker/Info.plist;
				LD_RUNPATH_SEARCH_PATHS = "$(inherited) @executable_path/Frameworks";
				PRODUCT_BUNDLE_IDENTIFIER = com.redrojo.TouchTracker;
				PRODUCT_NAME = "$(TARGET_NAME)";
			};
			name = Release;
		};
/* End XCBuildConfiguration section */

/* Begin XCConfigurationList section */
		FB1583221D898DA40077462B /* Build configuration list for PBXProject "TouchTracker" */ = {
			isa = XCConfigurationList;
			buildConfigurations = (
				FB1583381D898DA40077462B /* Debug */,
				FB1583391D898DA40077462B /* Release */,
			);
			defaultConfigurationIsVisible = 0;
			defaultConfigurationName = Release;
		};
		FB15833A1D898DA40077462B /* Build configuration list for PBXNativeTarget "TouchTracker" */ = {
			isa = XCConfigurationList;
			buildConfigurations = (
				FB15833B1D898DA40077462B /* Debug */,
				FB15833C1D898DA40077462B /* Release */,
			);
			defaultConfigurationIsVisible = 0;
		};
/* End XCConfigurationList section */
	};
	rootObject = FB15831F1D898DA40077462B /* Project object */;
}
