// !$*UTF8*$!
{
	archiveVersion = 1;
	classes = {
	};
	objectVersion = 46;
	objects = {

/* Begin PBXBuildFile section */
		FB674F071D761A5100B2FC03 /* main.m in Sources */ = {isa = PBXBuildFile; fileRef = FB674F061D761A5100B2FC03 /* main.m */; };
		FB674F0A1D761A5100B2FC03 /* AppDelegate.m in Sources */ = {isa = PBXBuildFile; fileRef = FB674F091D761A5100B2FC03 /* AppDelegate.m */; };
		FB674F0C1D761A5100B2FC03 /* iTahDoodle-Prefix.pch in Resources */ = {isa = PBXBuildFile; fileRef = FB674F0B1D761A5100B2FC03 /* iTahDoodle-Prefix.pch */; };
		FB674F0E1D761A5100B2FC03 /* Assets.xcassets in Resources */ = {isa = PBXBuildFile; fileRef = FB674F0D1D761A5100B2FC03 /* Assets.xcassets */; };
		FB674F111D761A5100B2FC03 /* LaunchScreen.storyboard in Resources */ = {isa = PBXBuildFile; fileRef = FB674F0F1D761A5100B2FC03 /* LaunchScreen.storyboard */; };
/* End PBXBuildFile section */

/* Begin PBXFileReference section */
		FB674F021D761A5100B2FC03 /* iTahDoodle.app */ = {isa = PBXFileReference; explicitFileType = wrapper.application; includeInIndex = 0; path = iTahDoodle.app; sourceTree = BUILT_PRODUCTS_DIR; };
		FB674F061D761A5100B2FC03 /* main.m */ = {isa = PBXFileReference; lastKnownFileType = sourcecode.c.objc; path = main.m; sourceTree = "<group>"; };
		FB674F081D761A5100B2FC03 /* AppDelegate.h */ = {isa = PBXFileReference; lastKnownFileType = sourcecode.c.h; path = AppDelegate.h; sourceTree = "<group>"; };
		FB674F091D761A5100B2FC03 /* AppDelegate.m */ = {isa = PBXFileReference; lastKnownFileType = sourcecode.c.objc; path = AppDelegate.m; sourceTree = "<group>"; };
		FB674F0B1D761A5100B2FC03 /* iTahDoodle-Prefix.pch */ = {isa = PBXFileReference; lastKnownFileType = sourcecode.c.h; path = "iTahDoodle-Prefix.pch"; sourceTree = "<group>"; };
		FB674F0D1D761A5100B2FC03 /* Assets.xcassets */ = {isa = PBXFileReference; lastKnownFileType = folder.assetcatalog; path = Assets.xcassets; sourceTree = "<group>"; };
		FB674F101D761A5100B2FC03 /* Base */ = {isa = PBXFileReference; lastKnownFileType = file.storyboard; name = Base; path = Base.lproj/LaunchScreen.storyboard; sourceTree = "<group>"; };
		FB674F121D761A5100B2FC03 /* Info.plist */ = {isa = PBXFileReference; lastKnownFileType = text.plist.xml; path = Info.plist; sourceTree = "<group>"; };
/* End PBXFileReference section */

/* Begin PBXFrameworksBuildPhase section */
		FB674EFF1D761A5100B2FC03 /* Frameworks */ = {
			isa = PBXFrameworksBuildPhase;
			buildActionMask = 2147483647;
			files = (
			);
			runOnlyForDeploymentPostprocessing = 0;
		};
/* End PBXFrameworksBuildPhase section */

/* Begin PBXGroup section */
		FB674EF91D761A5100B2FC03 = {
			isa = PBXGroup;
			children = (
				FB674F041D761A5100B2FC03 /* iTahDoodle */,
				FB674F031D761A5100B2FC03 /* Products */,
			);
			sourceTree = "<group>";
		};
		FB674F031D761A5100B2FC03 /* Products */ = {
			isa = PBXGroup;
			children = (
				FB674F021D761A5100B2FC03 /* iTahDoodle.app */,
			);
			name = Products;
			sourceTree = "<group>";
		};
		FB674F041D761A5100B2FC03 /* iTahDoodle */ = {
			isa = PBXGroup;
			children = (
				FB674F081D761A5100B2FC03 /* AppDelegate.h */,
				FB674F091D761A5100B2FC03 /* AppDelegate.m */,
				FB674F0B1D761A5100B2FC03 /* iTahDoodle-Prefix.pch */,
				FB674F0D1D761A5100B2FC03 /* Assets.xcassets */,
				FB674F0F1D761A5100B2FC03 /* LaunchScreen.storyboard */,
				FB674F121D761A5100B2FC03 /* Info.plist */,
				FB674F051D761A5100B2FC03 /* Supporting Files */,
			);
			path = iTahDoodle;
			sourceTree = "<group>";
		};
		FB674F051D761A5100B2FC03 /* Supporting Files */ = {
			isa = PBXGroup;
			children = (
				FB674F061D761A5100B2FC03 /* main.m */,
			);
			name = "Supporting Files";
			sourceTree = "<group>";
		};
/* End PBXGroup section */

/* Begin PBXNativeTarget section */
		FB674F011D761A5100B2FC03 /* iTahDoodle */ = {
			isa = PBXNativeTarget;
			buildConfigurationList = FB674F151D761A5100B2FC03 /* Build configuration list for PBXNativeTarget "iTahDoodle" */;
			buildPhases = (
				FB674EFE1D761A5100B2FC03 /* Sources */,
				FB674EFF1D761A5100B2FC03 /* Frameworks */,
				FB674F001D761A5100B2FC03 /* Resources */,
			);
			buildRules = (
			);
			dependencies = (
			);
			name = iTahDoodle;
			productName = iTahDoodle;
			productReference = FB674F021D761A5100B2FC03 /* iTahDoodle.app */;
			productType = "com.apple.product-type.application";
		};
/* End PBXNativeTarget section */

/* Begin PBXProject section */
		FB674EFA1D761A5100B2FC03 /* Project object */ = {
			isa = PBXProject;
			attributes = {
				LastUpgradeCheck = 0730;
				ORGANIZATIONNAME = "Red Rojo";
				TargetAttributes = {
					FB674F011D761A5100B2FC03 = {
						CreatedOnToolsVersion = 7.3.1;
					};
				};
			};
			buildConfigurationList = FB674EFD1D761A5100B2FC03 /* Build configuration list for PBXProject "iTahDoodle" */;
			compatibilityVersion = "Xcode 3.2";
			developmentRegion = English;
			hasScannedForEncodings = 0;
			knownRegions = (
				en,
				Base,
			);
			mainGroup = FB674EF91D761A5100B2FC03;
			productRefGroup = FB674F031D761A5100B2FC03 /* Products */;
			projectDirPath = "";
			projectRoot = "";
			targets = (
				FB674F011D761A5100B2FC03 /* iTahDoodle */,
			);
		};
/* End PBXProject section */

/* Begin PBXResourcesBuildPhase section */
		FB674F001D761A5100B2FC03 /* Resources */ = {
			isa = PBXResourcesBuildPhase;
			buildActionMask = 2147483647;
			files = (
				FB674F111D761A5100B2FC03 /* LaunchScreen.storyboard in Resources */,
				FB674F0E1D761A5100B2FC03 /* Assets.xcassets in Resources */,
				FB674F0C1D761A5100B2FC03 /* iTahDoodle-Prefix.pch in Resources */,
			);
			runOnlyForDeploymentPostprocessing = 0;
		};
/* End PBXResourcesBuildPhase section */

/* Begin PBXSourcesBuildPhase section */
		FB674EFE1D761A5100B2FC03 /* Sources */ = {
			isa = PBXSourcesBuildPhase;
			buildActionMask = 2147483647;
			files = (
				FB674F0A1D761A5100B2FC03 /* AppDelegate.m in Sources */,
				FB674F071D761A5100B2FC03 /* main.m in Sources */,
			);
			runOnlyForDeploymentPostprocessing = 0;
		};
/* End PBXSourcesBuildPhase section */

/* Begin PBXVariantGroup section */
		FB674F0F1D761A5100B2FC03 /* LaunchScreen.storyboard */ = {
			isa = PBXVariantGroup;
			children = (
				FB674F101D761A5100B2FC03 /* Base */,
			);
			name = LaunchScreen.storyboard;
			sourceTree = "<group>";
		};
/* End PBXVariantGroup section */

/* Begin XCBuildConfiguration section */
		FB674F131D761A5100B2FC03 /* Debug */ = {
			isa = XCBuildConfiguration;
			buildSettings = {
				ALWAYS_SEARCH_USER_PATHS = NO;
				CLANG_ANALYZER_NONNULL = YES;
				CLANG_CXX_LANGUAGE_STANDARD = "gnu++0x";
				CLANG_CXX_LIBRARY = "libc++";
				CLANG_ENABLE_MODULES = YES;
				CLANG_ENABLE_OBJC_ARC = YES;
				CLANG_WARN_BOOL_CONVERSION = YES;
				CLANG_WARN_CONSTANT_CONVERSION = YES;
				CLANG_WARN_DIRECT_OBJC_ISA_USAGE = YES_ERROR;
				CLANG_WARN_EMPTY_BODY = YES;
				CLANG_WARN_ENUM_CONVERSION = YES;
				CLANG_WARN_INT_CONVERSION = YES;
				CLANG_WARN_OBJC_ROOT_CLASS = YES_ERROR;
				CLANG_WARN_UNREACHABLE_CODE = YES;
				CLANG_WARN__DUPLICATE_METHOD_MATCH = YES;
				"CODE_SIGN_IDENTITY[sdk=iphoneos*]" = "iPhone Developer";
				COPY_PHASE_STRIP = NO;
				DEBUG_INFORMATION_FORMAT = dwarf;
				ENABLE_STRICT_OBJC_MSGSEND = YES;
				ENABLE_TESTABILITY = YES;
				GCC_C_LANGUAGE_STANDARD = gnu99;
				GCC_DYNAMIC_NO_PIC = NO;
				GCC_NO_COMMON_BLOCKS = YES;
				GCC_OPTIMIZATION_LEVEL = 0;
				GCC_PREPROCESSOR_DEFINITIONS = (
					"DEBUG=1",
					"$(inherited)",
				);
				GCC_WARN_64_TO_32_BIT_CONVERSION = YES;
				GCC_WARN_ABOUT_RETURN_TYPE = YES_ERROR;
				GCC_WARN_UNDECLARED_SELECTOR = YES;
				GCC_WARN_UNINITIALIZED_AUTOS = YES_AGGRESSIVE;
				GCC_WARN_UNUSED_FUNCTION = YES;
				GCC_WARN_UNUSED_VARIABLE = YES;
				IPHONEOS_DEPLOYMENT_TARGET = 9.3;
				MTL_ENABLE_DEBUG_INFO = YES;
				ONLY_ACTIVE_ARCH = YES;
				SDKROOT = iphoneos;
			};
			name = Debug;
		};
		FB674F141D761A5100B2FC03 /* Release */ = {
			isa = XCBuildConfiguration;
			buildSettings = {
				ALWAYS_SEARCH_USER_PATHS = NO;
				CLANG_ANALYZER_NONNULL = YES;
				CLANG_CXX_LANGUAGE_STANDARD = "gnu++0x";
				CLANG_CXX_LIBRARY = "libc++";
				CLANG_ENABLE_MODULES = YES;
				CLANG_ENABLE_OBJC_ARC = YES;
				CLANG_WARN_BOOL_CONVERSION = YES;
				CLANG_WARN_CONSTANT_CONVERSION = YES;
				CLANG_WARN_DIRECT_OBJC_ISA_USAGE = YES_ERROR;
				CLANG_WARN_EMPTY_BODY = YES;
				CLANG_WARN_ENUM_CONVERSION = YES;
				CLANG_WARN_INT_CONVERSION = YES;
				CLANG_WARN_OBJC_ROOT_CLASS = YES_ERROR;
				CLANG_WARN_UNREACHABLE_CODE = YES;
				CLANG_WARN__DUPLICATE_METHOD_MATCH = YES;
				"CODE_SIGN_IDENTITY[sdk=iphoneos*]" = "iPhone Developer";
				COPY_PHASE_STRIP = NO;
				DEBUG_INFORMATION_FORMAT = "dwarf-with-dsym";
				ENABLE_NS_ASSERTIONS = NO;
				ENABLE_STRICT_OBJC_MSGSEND = YES;
				GCC_C_LANGUAGE_STANDARD = gnu99;
				GCC_NO_COMMON_BLOCKS = YES;
				GCC_WARN_64_TO_32_BIT_CONVERSION = YES;
				GCC_WARN_ABOUT_RETURN_TYPE = YES_ERROR;
				GCC_WARN_UNDECLARED_SELECTOR = YES;
				GCC_WARN_UNINITIALIZED_AUTOS = YES_AGGRESSIVE;
				GCC_WARN_UNUSED_FUNCTION = YES;
				GCC_WARN_UNUSED_VARIABLE = YES;
				IPHONEOS_DEPLOYMENT_TARGET = 9.3;
				MTL_ENABLE_DEBUG_INFO = NO;
				SDKROOT = iphoneos;
				VALIDATE_PRODUCT = YES;
			};
			name = Release;
		};
		FB674F161D761A5100B2FC03 /* Debug */ = {
			isa = XCBuildConfiguration;
			buildSettings = {
				ASSETCATALOG_COMPILER_APPICON_NAME = AppIcon;
				INFOPLIST_FILE = iTahDoodle/Info.plist;
				LD_RUNPATH_SEARCH_PATHS = "$(inherited) @executable_path/Frameworks";
				PRODUCT_BUNDLE_IDENTIFIER = com.redrojo.iTahDoodle;
				PRODUCT_NAME = "$(TARGET_NAME)";
			};
			name = Debug;
		};
		FB674F171D761A5100B2FC03 /* Release */ = {
			isa = XCBuildConfiguration;
			buildSettings = {
				ASSETCATALOG_COMPILER_APPICON_NAME = AppIcon;
				INFOPLIST_FILE = iTahDoodle/Info.plist;
				LD_RUNPATH_SEARCH_PATHS = "$(inherited) @executable_path/Frameworks";
				PRODUCT_BUNDLE_IDENTIFIER = com.redrojo.iTahDoodle;
				PRODUCT_NAME = "$(TARGET_NAME)";
			};
			name = Release;
		};
/* End XCBuildConfiguration section */

/* Begin XCConfigurationList section */
		FB674EFD1D761A5100B2FC03 /* Build configuration list for PBXProject "iTahDoodle" */ = {
			isa = XCConfigurationList;
			buildConfigurations = (
				FB674F131D761A5100B2FC03 /* Debug */,
				FB674F141D761A5100B2FC03 /* Release */,
			);
			defaultConfigurationIsVisible = 0;
			defaultConfigurationName = Release;
		};
		FB674F151D761A5100B2FC03 /* Build configuration list for PBXNativeTarget "iTahDoodle" */ = {
			isa = XCConfigurationList;
			buildConfigurations = (
				FB674F161D761A5100B2FC03 /* Debug */,
				FB674F171D761A5100B2FC03 /* Release */,
			);
			defaultConfigurationIsVisible = 0;
		};
/* End XCConfigurationList section */
	};
	rootObject = FB674EFA1D761A5100B2FC03 /* Project object */;
}
